
Microsoft Visual Studio Solution File, Format Version 12.00
# Visual Studio 15
VisualStudioVersion = 15.0.28307.757
MinimumVisualStudioVersion = 10.0.40219.1
Project("{F184B08F-C81C-45F6-A57F-5ABD9991F28F}") = "DashboardJsonExample", "DashboardJsonExample\DashboardJsonExample.vbproj", "{5BC65577-9168-4050-AD71-6D69B2D24400}"
EndProject
Global
	GlobalSection(SolutionConfigurationPlatforms) = preSolution
		Debug|Any CPU = Debug|Any CPU
		Release|Any CPU = Release|Any CPU
	EndGlobalSection
	GlobalSection(ProjectConfigurationPlatforms) = postSolution
		{5BC65577-9168-4050-AD71-6D69B2D24400}.Debug|Any CPU.ActiveCfg = Debug|Any CPU
		{5BC65577-9168-4050-AD71-6D69B2D24400}.Debug|Any CPU.Build.0 = Debug|Any CPU
		{5BC65577-9168-4050-AD71-6D69B2D24400}.Release|Any CPU.ActiveCfg = Release|Any CPU
		{5BC65577-9168-4050-AD71-6D69B2D24400}.Release|Any CPU.Build.0 = Release|Any CPU
	EndGlobalSection
	GlobalSection(SolutionProperties) = preSolution
		HideSolutionNode = FALSE
	EndGlobalSection
	GlobalSection(ExtensibilityGlobals) = postSolution
		SolutionGuid = {6C31572A-951A-4C7C-8347-6B5D3D26EED0}
	EndGlobalSection
EndGlobal
